PODS:
  - FBSnapshotTestCase (2.1.4):
    - FBSnapshotTestCase/SwiftSupport (= 2.1.4)
  - FBSnapshotTestCase/Core (2.1.4)
  - FBSnapshotTestCase/SwiftSupport (2.1.4):
    - FBSnapshotTestCase/Core
  - KeyboardAdjuster (3.0.2)
  - LionheartOtherAppsViewController (1.1.1):
    - QuickTableView (~> 2.6)
    - SDWebImage
    - SuperLayout
  - Nimble (7.0.3)
  - Nimble-Snapshots (6.3.0):
    - Nimble-Snapshots/Core (= 6.3.0)
  - Nimble-Snapshots/Core (6.3.0):
    - FBSnapshotTestCase (~> 2.0)
    - Nimble (~> 7.0)
  - Quick (1.2.0)
  - QuickTableView (2.6.2):
    - KeyboardAdjuster (~> 3)
  - SDWebImage (4.3.2):
    - SDWebImage/Core (= 4.3.2)
  - SDWebImage/Core (4.3.2)
  - SuperLayout (1.0.1):
    - SuperLayout/Core (= 1.0.1)
  - SuperLayout/Core (1.0.1)

DEPENDENCIES:
  - FBSnapshotTestCase
  - LionheartOtherAppsViewController (from `../`)
  - Nimble (~> 7)
  - Nimble-Snapshots
  - Quick (~> 1)

EXTERNAL SOURCES:
  LionheartOtherAppsViewController:
    :path: ../

SPEC CHECKSUMS:
  FBSnapshotTestCase: 094f9f314decbabe373b87cc339bea235a63e07a
  KeyboardAdjuster: 8391eadd333fefaacaf110c9dfcbb07a2f6b3404
  LionheartOtherAppsViewController: bead1d31b0d6c9acea68b8c2f19045475e9a6ab9
  Nimble: 7f5a9c447a33002645a071bddafbfb24ea70e0ac
  Nimble-Snapshots: f5459b5b091678dc942d03ec4741cacb58ba4a52
  Quick: 58d203b1c5e27fff7229c4c1ae445ad7069a7a08
  QuickTableView: 6c7689b1b392e8d4d01c26161ca0c3b7a2079435
  SDWebImage: 29bd3c0bc1f01e5eb59720847c64ad4c4ca1af5d
  SuperLayout: 8d8a8399366e130f244963d97bd04a66fd08d368

PODFILE CHECKSUM: 4a523cf3631a8c874606964e9af6815393e5bfa0

COCOAPODS: 1.4.0
