PODS:
  - FBSnapshotTestCase (2.1.4):
    - FBSnapshotTestCase/SwiftSupport (= 2.1.4)
  - FBSnapshotTestCase/Core (2.1.4)
  - FBSnapshotTestCase/SwiftSupport (2.1.4):
    - FBSnapshotTestCase/Core
  - iOSSnapshotTestCase (4.0.0):
    - iOSSnapshotTestCase/SwiftSupport (= 4.0.0)
  - iOSSnapshotTestCase/Core (4.0.0)
  - iOSSnapshotTestCase/SwiftSupport (4.0.0):
    - iOSSnapshotTestCase/Core
  - KeyboardAdjuster (4.0.0)
  - LionheartOtherAppsViewController (2.0.0):
    - QuickTableView (~> 3.0)
    - SuperLayout (~> 2.0)
  - Nimble (7.3.4)
  - Nimble-Snapshots (6.8.1):
    - Nimble-Snapshots/Core (= 6.8.1)
  - Nimble-Snapshots/Core (6.8.1):
    - iOSSnapshotTestCase (~> 4.0)
    - Nimble (~> 7.0)
  - QuickTableView (3.0.0):
    - KeyboardAdjuster (~> 4)
  - SuperLayout (2.0.0):
    - SuperLayout/Core (= 2.0.0)
  - SuperLayout/Core (2.0.0)

DEPENDENCIES:
  - FBSnapshotTestCase
  - LionheartOtherAppsViewController (from `../`)
  - Nimble-Snapshots

SPEC REPOS:
  trunk:
    - FBSnapshotTestCase
    - iOSSnapshotTestCase
    - KeyboardAdjuster
    - Nimble
    - Nimble-Snapshots
    - QuickTableView
    - SuperLayout

EXTERNAL SOURCES:
  LionheartOtherAppsViewController:
    :path: "../"

SPEC CHECKSUMS:
  FBSnapshotTestCase: 094f9f314decbabe373b87cc339bea235a63e07a
  iOSSnapshotTestCase: 711379b19f69a22c131527df862352c877c2773c
  KeyboardAdjuster: 50eec4e8d52fd5d7f5df74fc07193cdadcc88abb
  LionheartOtherAppsViewController: e025cff3a2a9ef67dacfee8af37b81190cc6a72a
  Nimble: 051e3d8912d40138fa5591c78594f95fb172af37
  Nimble-Snapshots: 65bce321fa2f62d70909b90a66a825a3cc4ae773
  QuickTableView: 296b258f41ac91521ae517404646da4beab73fa3
  SuperLayout: 0208ad821522fb50b62d9b8b808690d190a871ea

PODFILE CHECKSUM: 4e879199f408a474c0fa17207d146dea04025d8a

COCOAPODS: 1.16.2
